
Microsoft Visual Studio Solution File, Format Version 12.00
# Visual Studio Version 17
VisualStudioVersion = 17.6.33815.320
MinimumVisualStudioVersion = 10.0.40219.1
Project("{FAE04EC0-301F-11D3-BF4B-00C04F79EFBC}") = "Day4_LabAssignment_Inheritance", "Day4_LabAssignment_Inheritance\Day4_LabAssignment_Inheritance.csproj", "{E5B61D33-0BD7-4A0D-8377-E2A1B1ED8A84}"
EndProject
Project("{FAE04EC0-301F-11D3-BF4B-00C04F79EFBC}") = "LabAssignment_day4", "..\LabAssignment_day4\LabAssignment_day4.csproj", "{F16C2A90-29F8-4783-8A40-2657FB4C8D15}"
EndProject
Project("{9A19103F-16F7-4668-BE54-9A1E7A4F7556}") = "ArraySortingExample", "..\..\..\Java_0054\.NET\Daily_Material\Day4Code\ArraySortingExample\ArraySortingExample.csproj", "{F7F9C390-EF15-4693-90AD-FEAF4C717878}"
EndProject
Project("{9A19103F-16F7-4668-BE54-9A1E7A4F7556}") = "IndicesAndRanges", "..\..\..\Java_0054\.NET\Daily_Material\Day4Code\IndicesAndRanges\IndicesAndRanges.csproj", "{632F118D-C569-4E55-9F0F-23905B1DA452}"
EndProject
Project("{9A19103F-16F7-4668-BE54-9A1E7A4F7556}") = "TupleAndValueTupleExample", "..\..\..\Java_0054\.NET\Daily_Material\Day4Code\TupleAndValueTupleExample\TupleAndValueTupleExample.csproj", "{E9A32323-2E01-48EA-9B6A-7BE6F2460F0E}"
EndProject
Global
	GlobalSection(SolutionConfigurationPlatforms) = preSolution
		Debug|Any CPU = Debug|Any CPU
		Release|Any CPU = Release|Any CPU
	EndGlobalSection
	GlobalSection(ProjectConfigurationPlatforms) = postSolution
		{E5B61D33-0BD7-4A0D-8377-E2A1B1ED8A84}.Debug|Any CPU.ActiveCfg = Debug|Any CPU
		{E5B61D33-0BD7-4A0D-8377-E2A1B1ED8A84}.Debug|Any CPU.Build.0 = Debug|Any CPU
		{E5B61D33-0BD7-4A0D-8377-E2A1B1ED8A84}.Release|Any CPU.ActiveCfg = Release|Any CPU
		{E5B61D33-0BD7-4A0D-8377-E2A1B1ED8A84}.Release|Any CPU.Build.0 = Release|Any CPU
		{F16C2A90-29F8-4783-8A40-2657FB4C8D15}.Debug|Any CPU.ActiveCfg = Debug|Any CPU
		{F16C2A90-29F8-4783-8A40-2657FB4C8D15}.Debug|Any CPU.Build.0 = Debug|Any CPU
		{F16C2A90-29F8-4783-8A40-2657FB4C8D15}.Release|Any CPU.ActiveCfg = Release|Any CPU
		{F16C2A90-29F8-4783-8A40-2657FB4C8D15}.Release|Any CPU.Build.0 = Release|Any CPU
		{F7F9C390-EF15-4693-90AD-FEAF4C717878}.Debug|Any CPU.ActiveCfg = Debug|Any CPU
		{F7F9C390-EF15-4693-90AD-FEAF4C717878}.Debug|Any CPU.Build.0 = Debug|Any CPU
		{F7F9C390-EF15-4693-90AD-FEAF4C717878}.Release|Any CPU.ActiveCfg = Release|Any CPU
		{F7F9C390-EF15-4693-90AD-FEAF4C717878}.Release|Any CPU.Build.0 = Release|Any CPU
		{632F118D-C569-4E55-9F0F-23905B1DA452}.Debug|Any CPU.ActiveCfg = Debug|Any CPU
		{632F118D-C569-4E55-9F0F-23905B1DA452}.Debug|Any CPU.Build.0 = Debug|Any CPU
		{632F118D-C569-4E55-9F0F-23905B1DA452}.Release|Any CPU.ActiveCfg = Release|Any CPU
		{632F118D-C569-4E55-9F0F-23905B1DA452}.Release|Any CPU.Build.0 = Release|Any CPU
		{E9A32323-2E01-48EA-9B6A-7BE6F2460F0E}.Debug|Any CPU.ActiveCfg = Debug|Any CPU
		{E9A32323-2E01-48EA-9B6A-7BE6F2460F0E}.Debug|Any CPU.Build.0 = Debug|Any CPU
		{E9A32323-2E01-48EA-9B6A-7BE6F2460F0E}.Release|Any CPU.ActiveCfg = Release|Any CPU
		{E9A32323-2E01-48EA-9B6A-7BE6F2460F0E}.Release|Any CPU.Build.0 = Release|Any CPU
	EndGlobalSection
	GlobalSection(SolutionProperties) = preSolution
		HideSolutionNode = FALSE
	EndGlobalSection
	GlobalSection(ExtensibilityGlobals) = postSolution
		SolutionGuid = {24E06412-69D5-43AE-8561-72487E97EE3F}
	EndGlobalSection
EndGlobal
