
Microsoft Visual Studio Solution File, Format Version 12.00
# Visual Studio Version 17
VisualStudioVersion = 17.6.33815.320
MinimumVisualStudioVersion = 10.0.40219.1
Project("{FAE04EC0-301F-11D3-BF4B-00C04F79EFBC}") = "ConsoleApp1", "ConsoleApp1\ConsoleApp1.csproj", "{C573B644-72E1-4EF5-A3DA-82D05BAD86B1}"
EndProject
Project("{FAE04EC0-301F-11D3-BF4B-00C04F79EFBC}") = "Class_Object_Testing", "Class_Object_Testing\Class_Object_Testing.csproj", "{7CF7C7F8-EA3B-4892-8802-36BCE23F9BAD}"
EndProject
Global
	GlobalSection(SolutionConfigurationPlatforms) = preSolution
		Debug|Any CPU = Debug|Any CPU
		Release|Any CPU = Release|Any CPU
	EndGlobalSection
	GlobalSection(ProjectConfigurationPlatforms) = postSolution
		{C573B644-72E1-4EF5-A3DA-82D05BAD86B1}.Debug|Any CPU.ActiveCfg = Debug|Any CPU
		{C573B644-72E1-4EF5-A3DA-82D05BAD86B1}.Debug|Any CPU.Build.0 = Debug|Any CPU
		{C573B644-72E1-4EF5-A3DA-82D05BAD86B1}.Release|Any CPU.ActiveCfg = Release|Any CPU
		{C573B644-72E1-4EF5-A3DA-82D05BAD86B1}.Release|Any CPU.Build.0 = Release|Any CPU
		{7CF7C7F8-EA3B-4892-8802-36BCE23F9BAD}.Debug|Any CPU.ActiveCfg = Debug|Any CPU
		{7CF7C7F8-EA3B-4892-8802-36BCE23F9BAD}.Debug|Any CPU.Build.0 = Debug|Any CPU
		{7CF7C7F8-EA3B-4892-8802-36BCE23F9BAD}.Release|Any CPU.ActiveCfg = Release|Any CPU
		{7CF7C7F8-EA3B-4892-8802-36BCE23F9BAD}.Release|Any CPU.Build.0 = Release|Any CPU
	EndGlobalSection
	GlobalSection(SolutionProperties) = preSolution
		HideSolutionNode = FALSE
	EndGlobalSection
	GlobalSection(ExtensibilityGlobals) = postSolution
		SolutionGuid = {56A47D8F-48AB-48D1-8B21-8298A84946C5}
	EndGlobalSection
EndGlobal
