
Microsoft Visual Studio Solution File, Format Version 12.00
# Visual Studio Version 17
VisualStudioVersion = 17.6.33815.320
MinimumVisualStudioVersion = 10.0.40219.1
Project("{FAE04EC0-301F-11D3-BF4B-00C04F79EFBC}") = "day_7_lab_assignment", "day_7_lab_assignment.csproj", "{CFE1471F-E65D-4780-BDDF-DD7F8EDDAB97}"
EndProject
Project("{FAE04EC0-301F-11D3-BF4B-00C04F79EFBC}") = "MultiThreading_Practice", "..\MultiThreading_Practice\MultiThreading_Practice.csproj", "{6A389232-8930-487E-9AEA-DD5B9A46176B}"
EndProject
Global
	GlobalSection(SolutionConfigurationPlatforms) = preSolution
		Debug|Any CPU = Debug|Any CPU
		Release|Any CPU = Release|Any CPU
	EndGlobalSection
	GlobalSection(ProjectConfigurationPlatforms) = postSolution
		{CFE1471F-E65D-4780-BDDF-DD7F8EDDAB97}.Debug|Any CPU.ActiveCfg = Debug|Any CPU
		{CFE1471F-E65D-4780-BDDF-DD7F8EDDAB97}.Debug|Any CPU.Build.0 = Debug|Any CPU
		{CFE1471F-E65D-4780-BDDF-DD7F8EDDAB97}.Release|Any CPU.ActiveCfg = Release|Any CPU
		{CFE1471F-E65D-4780-BDDF-DD7F8EDDAB97}.Release|Any CPU.Build.0 = Release|Any CPU
		{6A389232-8930-487E-9AEA-DD5B9A46176B}.Debug|Any CPU.ActiveCfg = Debug|Any CPU
		{6A389232-8930-487E-9AEA-DD5B9A46176B}.Debug|Any CPU.Build.0 = Debug|Any CPU
		{6A389232-8930-487E-9AEA-DD5B9A46176B}.Release|Any CPU.ActiveCfg = Release|Any CPU
		{6A389232-8930-487E-9AEA-DD5B9A46176B}.Release|Any CPU.Build.0 = Release|Any CPU
	EndGlobalSection
	GlobalSection(SolutionProperties) = preSolution
		HideSolutionNode = FALSE
	EndGlobalSection
	GlobalSection(ExtensibilityGlobals) = postSolution
		SolutionGuid = {F48922C4-7CFB-4FD9-A35E-39D4DCD892D6}
	EndGlobalSection
EndGlobal
