
Microsoft Visual Studio Solution File, Format Version 12.00
# Visual Studio Version 17
VisualStudioVersion = 17.6.33815.320
MinimumVisualStudioVersion = 10.0.40219.1
Project("{FAE04EC0-301F-11D3-BF4B-00C04F79EFBC}") = "Test_LAB_1_Attempt_1", "Test_LAB_1_Attempt_1\Test_LAB_1_Attempt_1.csproj", "{4D4BDD9C-A19A-45CC-9431-3614A7DBDFF8}"
EndProject
Global
	GlobalSection(SolutionConfigurationPlatforms) = preSolution
		Debug|Any CPU = Debug|Any CPU
		Release|Any CPU = Release|Any CPU
	EndGlobalSection
	GlobalSection(ProjectConfigurationPlatforms) = postSolution
		{4D4BDD9C-A19A-45CC-9431-3614A7DBDFF8}.Debug|Any CPU.ActiveCfg = Debug|Any CPU
		{4D4BDD9C-A19A-45CC-9431-3614A7DBDFF8}.Debug|Any CPU.Build.0 = Debug|Any CPU
		{4D4BDD9C-A19A-45CC-9431-3614A7DBDFF8}.Release|Any CPU.ActiveCfg = Release|Any CPU
		{4D4BDD9C-A19A-45CC-9431-3614A7DBDFF8}.Release|Any CPU.Build.0 = Release|Any CPU
	EndGlobalSection
	GlobalSection(SolutionProperties) = preSolution
		HideSolutionNode = FALSE
	EndGlobalSection
	GlobalSection(ExtensibilityGlobals) = postSolution
		SolutionGuid = {CF7D5F78-234D-4F63-AFC4-1ADC638D2C5E}
	EndGlobalSection
EndGlobal
